
Microsoft Visual Studio Solution File, Format Version 12.00
# Visual Studio 15
VisualStudioVersion = 15.0.27703.2042
MinimumVisualStudioVersion = 10.0.40219.1
Project("{FAE04EC0-301F-11D3-BF4B-00C04F79EFBC}") = "01.SortPersonsByNameAndAge", "01.SortPersonsByNameAndAge\01.SortPersonsByNameAndAge.csproj", "{070BC5FC-36B6-4268-A0AB-65B24CB0FB44}"
EndProject
Project("{FAE04EC0-301F-11D3-BF4B-00C04F79EFBC}") = "02.Salary", "02.Salary\02.Salary.csproj", "{CC36FA19-5320-4DF5-92B5-C36DB870FF8A}"
EndProject
Global
	GlobalSection(SolutionConfigurationPlatforms) = preSolution
		Debug|Any CPU = Debug|Any CPU
		Release|Any CPU = Release|Any CPU
	EndGlobalSection
	GlobalSection(ProjectConfigurationPlatforms) = postSolution
		{070BC5FC-36B6-4268-A0AB-65B24CB0FB44}.Debug|Any CPU.ActiveCfg = Debug|Any CPU
		{070BC5FC-36B6-4268-A0AB-65B24CB0FB44}.Debug|Any CPU.Build.0 = Debug|Any CPU
		{070BC5FC-36B6-4268-A0AB-65B24CB0FB44}.Release|Any CPU.ActiveCfg = Release|Any CPU
		{070BC5FC-36B6-4268-A0AB-65B24CB0FB44}.Release|Any CPU.Build.0 = Release|Any CPU
		{CC36FA19-5320-4DF5-92B5-C36DB870FF8A}.Debug|Any CPU.ActiveCfg = Debug|Any CPU
		{CC36FA19-5320-4DF5-92B5-C36DB870FF8A}.Debug|Any CPU.Build.0 = Debug|Any CPU
		{CC36FA19-5320-4DF5-92B5-C36DB870FF8A}.Release|Any CPU.ActiveCfg = Release|Any CPU
		{CC36FA19-5320-4DF5-92B5-C36DB870FF8A}.Release|Any CPU.Build.0 = Release|Any CPU
	EndGlobalSection
	GlobalSection(SolutionProperties) = preSolution
		HideSolutionNode = FALSE
	EndGlobalSection
	GlobalSection(ExtensibilityGlobals) = postSolution
		SolutionGuid = {548850D7-8C1B-407F-8585-928E50BD9343}
	EndGlobalSection
EndGlobal
