
Microsoft Visual Studio Solution File, Format Version 12.00
# Visual Studio 15
VisualStudioVersion = 15.0.27703.2042
MinimumVisualStudioVersion = 10.0.40219.1
Project("{9A19103F-16F7-4668-BE54-9A1E7A4F7556}") = "01.SortPersonsByNameAndAge", "01.SortPersonsByNameAndAge\01.SortPersonsByNameAndAge.csproj", "{3D19637D-3181-4365-9A5F-898483D652CB}"
EndProject
Project("{9A19103F-16F7-4668-BE54-9A1E7A4F7556}") = "02.Salary", "02.Salary\02.Salary.csproj", "{77A67942-E647-4D25-97DD-845EBD303E27}"
EndProject
Global
	GlobalSection(SolutionConfigurationPlatforms) = preSolution
		Debug|Any CPU = Debug|Any CPU
		Release|Any CPU = Release|Any CPU
	EndGlobalSection
	GlobalSection(ProjectConfigurationPlatforms) = postSolution
		{3D19637D-3181-4365-9A5F-898483D652CB}.Debug|Any CPU.ActiveCfg = Debug|Any CPU
		{3D19637D-3181-4365-9A5F-898483D652CB}.Debug|Any CPU.Build.0 = Debug|Any CPU
		{3D19637D-3181-4365-9A5F-898483D652CB}.Release|Any CPU.ActiveCfg = Release|Any CPU
		{3D19637D-3181-4365-9A5F-898483D652CB}.Release|Any CPU.Build.0 = Release|Any CPU
		{77A67942-E647-4D25-97DD-845EBD303E27}.Debug|Any CPU.ActiveCfg = Debug|Any CPU
		{77A67942-E647-4D25-97DD-845EBD303E27}.Debug|Any CPU.Build.0 = Debug|Any CPU
		{77A67942-E647-4D25-97DD-845EBD303E27}.Release|Any CPU.ActiveCfg = Release|Any CPU
		{77A67942-E647-4D25-97DD-845EBD303E27}.Release|Any CPU.Build.0 = Release|Any CPU
	EndGlobalSection
	GlobalSection(SolutionProperties) = preSolution
		HideSolutionNode = FALSE
	EndGlobalSection
	GlobalSection(ExtensibilityGlobals) = postSolution
		SolutionGuid = {6454B033-D9F6-470D-AACE-28A6EE979FAF}
	EndGlobalSection
EndGlobal
